
Microsoft Visual Studio Solution File, Format Version 12.00
# Visual Studio Version 17
VisualStudioVersion = 17.5.33627.172
MinimumVisualStudioVersion = 10.0.40219.1
Project("{FAE04EC0-301F-11D3-BF4B-00C04F79EFBC}") = "SamsWeatherChecker", "SamsWeatherChecker\SamsWeatherChecker.csproj", "{9EAEB9C5-7273-4B9D-AB6B-73385F8912D5}"
EndProject
Global
	GlobalSection(SolutionConfigurationPlatforms) = preSolution
		Debug|Any CPU = Debug|Any CPU
		Release|Any CPU = Release|Any CPU
	EndGlobalSection
	GlobalSection(ProjectConfigurationPlatforms) = postSolution
		{9EAEB9C5-7273-4B9D-AB6B-73385F8912D5}.Debug|Any CPU.ActiveCfg = Debug|Any CPU
		{9EAEB9C5-7273-4B9D-AB6B-73385F8912D5}.Debug|Any CPU.Build.0 = Debug|Any CPU
		{9EAEB9C5-7273-4B9D-AB6B-73385F8912D5}.Release|Any CPU.ActiveCfg = Release|Any CPU
		{9EAEB9C5-7273-4B9D-AB6B-73385F8912D5}.Release|Any CPU.Build.0 = Release|Any CPU
	EndGlobalSection
	GlobalSection(SolutionProperties) = preSolution
		HideSolutionNode = FALSE
	EndGlobalSection
	GlobalSection(ExtensibilityGlobals) = postSolution
		SolutionGuid = {F95D7161-386E-4F6B-8F07-65E63B786D0E}
	EndGlobalSection
EndGlobal
